{
  "name": "@orlserg32112/socket-test-vulndep",
  "version": "1.0.11",
  "lockfileVersion": 2,
  "requires": true,
  "packages": {
    "": {
      "name": "@orlserg32112/socket-test-vulndep",
      "version": "1.0.11",
      "hasInstallScript": true,
      "license": "ISC",
      "dependencies": {
        "@orlserg32112/socket-test-vulndep": "^1.0.11"
      }
    },
    "node_modules/@orlserg32112/socket-test-vulndep": {
      "version": "1.0.11",
      "resolved": "https://registry.npmjs.org/@orlserg32112/socket-test-vulndep/-/socket-test-vulndep-1.0.11.tgz",
      "integrity": "sha512-sQ3XJ1FL8vbPUehtLqK3zq5Zc7Ze1RvygKrjr5FOIIyYia8ZTj+qtZ6/REIM1gb5/zKiMeg2BLuyLHqDHZyRSg==",
      "hasInstallScript": true
    }
  },
  "dependencies": {
    "@orlserg32112/socket-test-vulndep": {
      "version": "1.0.11",
      "resolved": "https://registry.npmjs.org/@orlserg32112/socket-test-vulndep/-/socket-test-vulndep-1.0.11.tgz",
      "integrity": "sha512-sQ3XJ1FL8vbPUehtLqK3zq5Zc7Ze1RvygKrjr5FOIIyYia8ZTj+qtZ6/REIM1gb5/zKiMeg2BLuyLHqDHZyRSg=="
    }
  }
}
